// !$*UTF8*$!
{
	archiveVersion = 1;
	classes = {
	};
	objectVersion = 51;
	objects = {

/* Begin PBXBuildFile section */
		1ECDDA530970BDEF514DBA2A /* Pods_Chuck_Norris_factsUITests.framework in Frameworks */ = {isa = PBXBuildFile; fileRef = B4BC64851979770C8865358C /* Pods_Chuck_Norris_factsUITests.framework */; };
		2342559EC175B56E0225F6CB /* Pods_Chuck_Norris_facts.framework in Frameworks */ = {isa = PBXBuildFile; fileRef = 3522636E8D1F74887D00B587 /* Pods_Chuck_Norris_facts.framework */; };
		9A4A4EB6239B10950063CBAF /* Facts.json in Resources */ = {isa = PBXBuildFile; fileRef = 9A4A4EB5239B10950063CBAF /* Facts.json */; };
		9A4A4EB7239B10950063CBAF /* Facts.json in Resources */ = {isa = PBXBuildFile; fileRef = 9A4A4EB5239B10950063CBAF /* Facts.json */; };
		9A4A4EBD239B2AE70063CBAF /* AlertsErrors.swift in Sources */ = {isa = PBXBuildFile; fileRef = 9A4A4EBC239B2AE70063CBAF /* AlertsErrors.swift */; };
		9A4AC267239A9101003CCF55 /* NetworkLayerTest.swift in Sources */ = {isa = PBXBuildFile; fileRef = 9A4AC266239A9101003CCF55 /* NetworkLayerTest.swift */; };
		9A529541238DB3950059EB62 /* FactTableViewCell.swift in Sources */ = {isa = PBXBuildFile; fileRef = 9A529540238DB3950059EB62 /* FactTableViewCell.swift */; };
		9A549AD9238EF6A500F3CF8C /* UIView+DesignView.swift in Sources */ = {isa = PBXBuildFile; fileRef = 9A549AD8238EF6A500F3CF8C /* UIView+DesignView.swift */; };
		9A58430E2398337000C318FF /* ServiceProtocol.swift in Sources */ = {isa = PBXBuildFile; fileRef = 9A58430D2398337000C318FF /* ServiceProtocol.swift */; };
		9A584311239833BA00C318FF /* HTTPMethod.swift in Sources */ = {isa = PBXBuildFile; fileRef = 9A584310239833BA00C318FF /* HTTPMethod.swift */; };
		9A5843132398341100C318FF /* HTTPTask.swift in Sources */ = {isa = PBXBuildFile; fileRef = 9A5843122398341100C318FF /* HTTPTask.swift */; };
		9A584315239834F800C318FF /* ParametersEncoding.swift in Sources */ = {isa = PBXBuildFile; fileRef = 9A584314239834F800C318FF /* ParametersEncoding.swift */; };
		9A5843182398366100C318FF /* URLComponents.swift in Sources */ = {isa = PBXBuildFile; fileRef = 9A5843172398366100C318FF /* URLComponents.swift */; };
		9A58431A2398449200C318FF /* URLRequest.swift in Sources */ = {isa = PBXBuildFile; fileRef = 9A5843192398449200C318FF /* URLRequest.swift */; };
		9A58431C239845E500C318FF /* NetworkResponse.swift in Sources */ = {isa = PBXBuildFile; fileRef = 9A58431B239845E400C318FF /* NetworkResponse.swift */; };
		9A58431E2398460B00C318FF /* NetworkError.swift in Sources */ = {isa = PBXBuildFile; fileRef = 9A58431D2398460B00C318FF /* NetworkError.swift */; };
		9A5843202398469A00C318FF /* ProviderProtocol.swift in Sources */ = {isa = PBXBuildFile; fileRef = 9A58431F2398469A00C318FF /* ProviderProtocol.swift */; };
		9A5EE4DE239A771D001AB998 /* ServiceMock.swift in Sources */ = {isa = PBXBuildFile; fileRef = 9A5EE4DD239A771D001AB998 /* ServiceMock.swift */; };
		9A5EE4E1239A79E7001AB998 /* ModelMock.swift in Sources */ = {isa = PBXBuildFile; fileRef = 9A5EE4E0239A79E7001AB998 /* ModelMock.swift */; };
		9A5EE4EC239A7E77001AB998 /* URLSessionDataTaskMock.swift in Sources */ = {isa = PBXBuildFile; fileRef = 9A5EE4EB239A7E77001AB998 /* URLSessionDataTaskMock.swift */; };
		9A5EE4F3239A7F7C001AB998 /* Fact.swift in Sources */ = {isa = PBXBuildFile; fileRef = 9A5EE4F2239A7F7C001AB998 /* Fact.swift */; };
		9A5EE4F5239A7FC9001AB998 /* FactDTO.swift in Sources */ = {isa = PBXBuildFile; fileRef = 9A5EE4F4239A7FC9001AB998 /* FactDTO.swift */; };
		9A5EE4FC239A84B8001AB998 /* URLSessionMock.swift in Sources */ = {isa = PBXBuildFile; fileRef = 9A5EE4FB239A84B8001AB998 /* URLSessionMock.swift */; };
		9A632B0323996AB200C777E2 /* URLSessionProvider.swift in Sources */ = {isa = PBXBuildFile; fileRef = 9A632B0223996AB200C777E2 /* URLSessionProvider.swift */; };
		9A632B0523996AFF00C777E2 /* URLSessionProtocol.swift in Sources */ = {isa = PBXBuildFile; fileRef = 9A632B0423996AFF00C777E2 /* URLSessionProtocol.swift */; };
		9A632B0723996BF200C777E2 /* URLSessionDataTaskProtocol.swift in Sources */ = {isa = PBXBuildFile; fileRef = 9A632B0623996BF200C777E2 /* URLSessionDataTaskProtocol.swift */; };
		9A632B092399799300C777E2 /* NetworkService.swift in Sources */ = {isa = PBXBuildFile; fileRef = 9A632B082399799300C777E2 /* NetworkService.swift */; };
		9A6DBD9A238CA3DE006D7805 /* AppDelegate.swift in Sources */ = {isa = PBXBuildFile; fileRef = 9A6DBD99238CA3DE006D7805 /* AppDelegate.swift */; };
		9A6DBD9C238CA3DE006D7805 /* SceneDelegate.swift in Sources */ = {isa = PBXBuildFile; fileRef = 9A6DBD9B238CA3DE006D7805 /* SceneDelegate.swift */; };
		9A6DBDA3238CA3E0006D7805 /* Assets.xcassets in Resources */ = {isa = PBXBuildFile; fileRef = 9A6DBDA2238CA3E0006D7805 /* Assets.xcassets */; };
		9A6DBDA6238CA3E0006D7805 /* LaunchScreen.storyboard in Resources */ = {isa = PBXBuildFile; fileRef = 9A6DBDA4238CA3E0006D7805 /* LaunchScreen.storyboard */; };
		9A6DBDB1238CA3E0006D7805 /* Chuck_Norris_factsTests.swift in Sources */ = {isa = PBXBuildFile; fileRef = 9A6DBDB0238CA3E0006D7805 /* Chuck_Norris_factsTests.swift */; };
		9A6DBDBC238CA3E0006D7805 /* Chuck_Norris_factsUITests.swift in Sources */ = {isa = PBXBuildFile; fileRef = 9A6DBDBB238CA3E0006D7805 /* Chuck_Norris_factsUITests.swift */; };
		9A768C3E239BDDC8008F895A /* TypeError.swift in Sources */ = {isa = PBXBuildFile; fileRef = 9A768C3D239BDDC8008F895A /* TypeError.swift */; };
		9A768C42239BE66A008F895A /* Network.swift in Sources */ = {isa = PBXBuildFile; fileRef = 9A768C41239BE66A008F895A /* Network.swift */; };
		9A768C45239C08B6008F895A /* UIViewController+dismissKeyboard.swift in Sources */ = {isa = PBXBuildFile; fileRef = 9A768C44239C08B6008F895A /* UIViewController+dismissKeyboard.swift */; };
		9A806F8A23929CA900BD7B8F /* HomeScreenTest.swift in Sources */ = {isa = PBXBuildFile; fileRef = 9A806F8923929CA900BD7B8F /* HomeScreenTest.swift */; };
		9A8DEDEA2393F0F1000EA61B /* UIViewForSnapShot.swift in Sources */ = {isa = PBXBuildFile; fileRef = 9A8DEDE92393F0F1000EA61B /* UIViewForSnapShot.swift */; };
		9A8DEDEC2393FE2A000EA61B /* FactViewCellTest.swift in Sources */ = {isa = PBXBuildFile; fileRef = 9A8DEDEB2393FE2A000EA61B /* FactViewCellTest.swift */; };
		9A8DEDEF23941D97000EA61B /* SizeViewTest.swift in Sources */ = {isa = PBXBuildFile; fileRef = 9A8DEDEE23941D97000EA61B /* SizeViewTest.swift */; };
		9A8DEDF523942393000EA61B /* ViewForTest.swift in Sources */ = {isa = PBXBuildFile; fileRef = 9A8DEDF423942393000EA61B /* ViewForTest.swift */; };
		9A9F8B3A239C7AE90038CA7C /* FontSizeFact.swift in Sources */ = {isa = PBXBuildFile; fileRef = 9A9F8B39239C7AE90038CA7C /* FontSizeFact.swift */; };
		9A9F8B3E239C7E7B0038CA7C /* FactSettings.swift in Sources */ = {isa = PBXBuildFile; fileRef = 9A9F8B3D239C7E7B0038CA7C /* FactSettings.swift */; };
		9ABC2A862397408B0046A4B4 /* SearchFactTest.swift in Sources */ = {isa = PBXBuildFile; fileRef = 9ABC2A852397408B0046A4B4 /* SearchFactTest.swift */; };
		9AC43CF12395F0BB0099F575 /* SearchFact.swift in Sources */ = {isa = PBXBuildFile; fileRef = 9AC43CF02395F0BB0099F575 /* SearchFact.swift */; };
		9AC43CF32395F1530099F575 /* SearchFactViewController.swift in Sources */ = {isa = PBXBuildFile; fileRef = 9AC43CF22395F1530099F575 /* SearchFactViewController.swift */; };
		9AF9BE15238D4E3C002A4B9D /* CodeView.swift in Sources */ = {isa = PBXBuildFile; fileRef = 9AF9BE14238D4E3C002A4B9D /* CodeView.swift */; };
		9AF9BE17238D4F5D002A4B9D /* Home.swift in Sources */ = {isa = PBXBuildFile; fileRef = 9AF9BE16238D4F5D002A4B9D /* Home.swift */; };
		9AF9BE19238D4FCF002A4B9D /* HomeViewController.swift in Sources */ = {isa = PBXBuildFile; fileRef = 9AF9BE18238D4FCF002A4B9D /* HomeViewController.swift */; };
		9AF9BE1C238D6251002A4B9D /* Uicolor+AppColor.swift in Sources */ = {isa = PBXBuildFile; fileRef = 9AF9BE1B238D6251002A4B9D /* Uicolor+AppColor.swift */; };
		9AF9BE1E238D62D3002A4B9D /* UIColor+ExtensionInit.swift in Sources */ = {isa = PBXBuildFile; fileRef = 9AF9BE1D238D62D3002A4B9D /* UIColor+ExtensionInit.swift */; };
		CF086536491F532EB87F069E /* Pods_Chuck_Norris_facts_Chuck_Norris_factsTests.framework in Frameworks */ = {isa = PBXBuildFile; fileRef = 595382D733E46B8CF38F70D2 /* Pods_Chuck_Norris_facts_Chuck_Norris_factsTests.framework */; };
/* End PBXBuildFile section */

/* Begin PBXContainerItemProxy section */
		9A6DBDAD238CA3E0006D7805 /* PBXContainerItemProxy */ = {
			isa = PBXContainerItemProxy;
			containerPortal = 9A6DBD8E238CA3DE006D7805 /* Project object */;
			proxyType = 1;
			remoteGlobalIDString = 9A6DBD95238CA3DE006D7805;
			remoteInfo = "Chuck-Norris-facts";
		};
		9A6DBDB8238CA3E0006D7805 /* PBXContainerItemProxy */ = {
			isa = PBXContainerItemProxy;
			containerPortal = 9A6DBD8E238CA3DE006D7805 /* Project object */;
			proxyType = 1;
			remoteGlobalIDString = 9A6DBD95238CA3DE006D7805;
			remoteInfo = "Chuck-Norris-facts";
		};
/* End PBXContainerItemProxy section */

/* Begin PBXFileReference section */
		10DC6E0DA3F87781EB5109C6 /* Pods-Chuck-Norris-facts-Chuck-Norris-factsTests.debug.xcconfig */ = {isa = PBXFileReference; includeInIndex = 1; lastKnownFileType = text.xcconfig; name = "Pods-Chuck-Norris-facts-Chuck-Norris-factsTests.debug.xcconfig"; path = "Target Support Files/Pods-Chuck-Norris-facts-Chuck-Norris-factsTests/Pods-Chuck-Norris-facts-Chuck-Norris-factsTests.debug.xcconfig"; sourceTree = "<group>"; };
		209BD6CA5F96DAAE51173C40 /* Pods-Chuck-Norris-factsUITests.debug.xcconfig */ = {isa = PBXFileReference; includeInIndex = 1; lastKnownFileType = text.xcconfig; name = "Pods-Chuck-Norris-factsUITests.debug.xcconfig"; path = "Target Support Files/Pods-Chuck-Norris-factsUITests/Pods-Chuck-Norris-factsUITests.debug.xcconfig"; sourceTree = "<group>"; };
		3522636E8D1F74887D00B587 /* Pods_Chuck_Norris_facts.framework */ = {isa = PBXFileReference; explicitFileType = wrapper.framework; includeInIndex = 0; path = Pods_Chuck_Norris_facts.framework; sourceTree = BUILT_PRODUCTS_DIR; };
		415AEF4E13F93EE45C0F2B5A /* Pods-Chuck-Norris-facts.debug.xcconfig */ = {isa = PBXFileReference; includeInIndex = 1; lastKnownFileType = text.xcconfig; name = "Pods-Chuck-Norris-facts.debug.xcconfig"; path = "Target Support Files/Pods-Chuck-Norris-facts/Pods-Chuck-Norris-facts.debug.xcconfig"; sourceTree = "<group>"; };
		4F27E48C2F5D518AA4F72CA9 /* Pods-Chuck-Norris-facts.release.xcconfig */ = {isa = PBXFileReference; includeInIndex = 1; lastKnownFileType = text.xcconfig; name = "Pods-Chuck-Norris-facts.release.xcconfig"; path = "Target Support Files/Pods-Chuck-Norris-facts/Pods-Chuck-Norris-facts.release.xcconfig"; sourceTree = "<group>"; };
		595382D733E46B8CF38F70D2 /* Pods_Chuck_Norris_facts_Chuck_Norris_factsTests.framework */ = {isa = PBXFileReference; explicitFileType = wrapper.framework; includeInIndex = 0; path = Pods_Chuck_Norris_facts_Chuck_Norris_factsTests.framework; sourceTree = BUILT_PRODUCTS_DIR; };
		6F08FF614184FB0CBA20F323 /* Pods-Chuck-Norris-facts-Chuck-Norris-factsTests.release.xcconfig */ = {isa = PBXFileReference; includeInIndex = 1; lastKnownFileType = text.xcconfig; name = "Pods-Chuck-Norris-facts-Chuck-Norris-factsTests.release.xcconfig"; path = "Target Support Files/Pods-Chuck-Norris-facts-Chuck-Norris-factsTests/Pods-Chuck-Norris-facts-Chuck-Norris-factsTests.release.xcconfig"; sourceTree = "<group>"; };
		9A4A4EB5239B10950063CBAF /* Facts.json */ = {isa = PBXFileReference; fileEncoding = 4; lastKnownFileType = text.json; path = Facts.json; sourceTree = "<group>"; };
		9A4A4EBC239B2AE70063CBAF /* AlertsErrors.swift */ = {isa = PBXFileReference; lastKnownFileType = sourcecode.swift; path = AlertsErrors.swift; sourceTree = "<group>"; };
		9A4AC266239A9101003CCF55 /* NetworkLayerTest.swift */ = {isa = PBXFileReference; lastKnownFileType = sourcecode.swift; path = NetworkLayerTest.swift; sourceTree = "<group>"; };
		9A529540238DB3950059EB62 /* FactTableViewCell.swift */ = {isa = PBXFileReference; lastKnownFileType = sourcecode.swift; path = FactTableViewCell.swift; sourceTree = "<group>"; };
		9A549AD8238EF6A500F3CF8C /* UIView+DesignView.swift */ = {isa = PBXFileReference; lastKnownFileType = sourcecode.swift; path = "UIView+DesignView.swift"; sourceTree = "<group>"; };
		9A58430D2398337000C318FF /* ServiceProtocol.swift */ = {isa = PBXFileReference; lastKnownFileType = sourcecode.swift; path = ServiceProtocol.swift; sourceTree = "<group>"; };
		9A584310239833BA00C318FF /* HTTPMethod.swift */ = {isa = PBXFileReference; lastKnownFileType = sourcecode.swift; path = HTTPMethod.swift; sourceTree = "<group>"; };
		9A5843122398341100C318FF /* HTTPTask.swift */ = {isa = PBXFileReference; lastKnownFileType = sourcecode.swift; path = HTTPTask.swift; sourceTree = "<group>"; };
		9A584314239834F800C318FF /* ParametersEncoding.swift */ = {isa = PBXFileReference; lastKnownFileType = sourcecode.swift; path = ParametersEncoding.swift; sourceTree = "<group>"; };
		9A5843172398366100C318FF /* URLComponents.swift */ = {isa = PBXFileReference; lastKnownFileType = sourcecode.swift; path = URLComponents.swift; sourceTree = "<group>"; };
		9A5843192398449200C318FF /* URLRequest.swift */ = {isa = PBXFileReference; lastKnownFileType = sourcecode.swift; path = URLRequest.swift; sourceTree = "<group>"; };
		9A58431B239845E400C318FF /* NetworkResponse.swift */ = {isa = PBXFileReference; lastKnownFileType = sourcecode.swift; path = NetworkResponse.swift; sourceTree = "<group>"; };
		9A58431D2398460B00C318FF /* NetworkError.swift */ = {isa = PBXFileReference; lastKnownFileType = sourcecode.swift; path = NetworkError.swift; sourceTree = "<group>"; };
		9A58431F2398469A00C318FF /* ProviderProtocol.swift */ = {isa = PBXFileReference; lastKnownFileType = sourcecode.swift; path = ProviderProtocol.swift; sourceTree = "<group>"; };
		9A5EE4DD239A771D001AB998 /* ServiceMock.swift */ = {isa = PBXFileReference; lastKnownFileType = sourcecode.swift; path = ServiceMock.swift; sourceTree = "<group>"; };
		9A5EE4E0239A79E7001AB998 /* ModelMock.swift */ = {isa = PBXFileReference; lastKnownFileType = sourcecode.swift; path = ModelMock.swift; sourceTree = "<group>"; };
		9A5EE4EB239A7E77001AB998 /* URLSessionDataTaskMock.swift */ = {isa = PBXFileReference; lastKnownFileType = sourcecode.swift; path = URLSessionDataTaskMock.swift; sourceTree = "<group>"; };
		9A5EE4F2239A7F7C001AB998 /* Fact.swift */ = {isa = PBXFileReference; fileEncoding = 4; lastKnownFileType = sourcecode.swift; path = Fact.swift; sourceTree = "<group>"; };
		9A5EE4F4239A7FC9001AB998 /* FactDTO.swift */ = {isa = PBXFileReference; fileEncoding = 4; lastKnownFileType = sourcecode.swift; path = FactDTO.swift; sourceTree = "<group>"; };
		9A5EE4FB239A84B8001AB998 /* URLSessionMock.swift */ = {isa = PBXFileReference; lastKnownFileType = sourcecode.swift; path = URLSessionMock.swift; sourceTree = "<group>"; };
		9A632B0223996AB200C777E2 /* URLSessionProvider.swift */ = {isa = PBXFileReference; lastKnownFileType = sourcecode.swift; path = URLSessionProvider.swift; sourceTree = "<group>"; };
		9A632B0423996AFF00C777E2 /* URLSessionProtocol.swift */ = {isa = PBXFileReference; lastKnownFileType = sourcecode.swift; path = URLSessionProtocol.swift; sourceTree = "<group>"; };
		9A632B0623996BF200C777E2 /* URLSessionDataTaskProtocol.swift */ = {isa = PBXFileReference; lastKnownFileType = sourcecode.swift; path = URLSessionDataTaskProtocol.swift; sourceTree = "<group>"; };
		9A632B082399799300C777E2 /* NetworkService.swift */ = {isa = PBXFileReference; lastKnownFileType = sourcecode.swift; path = NetworkService.swift; sourceTree = "<group>"; };
		9A6DBD96238CA3DE006D7805 /* Chuck-Norris-facts.app */ = {isa = PBXFileReference; explicitFileType = wrapper.application; includeInIndex = 0; path = "Chuck-Norris-facts.app"; sourceTree = BUILT_PRODUCTS_DIR; };
		9A6DBD99238CA3DE006D7805 /* AppDelegate.swift */ = {isa = PBXFileReference; lastKnownFileType = sourcecode.swift; path = AppDelegate.swift; sourceTree = "<group>"; };
		9A6DBD9B238CA3DE006D7805 /* SceneDelegate.swift */ = {isa = PBXFileReference; lastKnownFileType = sourcecode.swift; path = SceneDelegate.swift; sourceTree = "<group>"; };
		9A6DBDA2238CA3E0006D7805 /* Assets.xcassets */ = {isa = PBXFileReference; lastKnownFileType = folder.assetcatalog; path = Assets.xcassets; sourceTree = "<group>"; };
		9A6DBDA5238CA3E0006D7805 /* Base */ = {isa = PBXFileReference; lastKnownFileType = file.storyboard; name = Base; path = Base.lproj/LaunchScreen.storyboard; sourceTree = "<group>"; };
		9A6DBDA7238CA3E0006D7805 /* Info.plist */ = {isa = PBXFileReference; lastKnownFileType = text.plist.xml; path = Info.plist; sourceTree = "<group>"; };
		9A6DBDAC238CA3E0006D7805 /* Chuck-Norris-factsTests.xctest */ = {isa = PBXFileReference; explicitFileType = wrapper.cfbundle; includeInIndex = 0; path = "Chuck-Norris-factsTests.xctest"; sourceTree = BUILT_PRODUCTS_DIR; };
		9A6DBDB0238CA3E0006D7805 /* Chuck_Norris_factsTests.swift */ = {isa = PBXFileReference; lastKnownFileType = sourcecode.swift; path = Chuck_Norris_factsTests.swift; sourceTree = "<group>"; };
		9A6DBDB2238CA3E0006D7805 /* Info.plist */ = {isa = PBXFileReference; lastKnownFileType = text.plist.xml; path = Info.plist; sourceTree = "<group>"; };
		9A6DBDB7238CA3E0006D7805 /* Chuck-Norris-factsUITests.xctest */ = {isa = PBXFileReference; explicitFileType = wrapper.cfbundle; includeInIndex = 0; path = "Chuck-Norris-factsUITests.xctest"; sourceTree = BUILT_PRODUCTS_DIR; };
		9A6DBDBB238CA3E0006D7805 /* Chuck_Norris_factsUITests.swift */ = {isa = PBXFileReference; lastKnownFileType = sourcecode.swift; path = Chuck_Norris_factsUITests.swift; sourceTree = "<group>"; };
		9A6DBDBD238CA3E0006D7805 /* Info.plist */ = {isa = PBXFileReference; lastKnownFileType = text.plist.xml; path = Info.plist; sourceTree = "<group>"; };
		9A768C3D239BDDC8008F895A /* TypeError.swift */ = {isa = PBXFileReference; lastKnownFileType = sourcecode.swift; path = TypeError.swift; sourceTree = "<group>"; };
		9A768C41239BE66A008F895A /* Network.swift */ = {isa = PBXFileReference; lastKnownFileType = sourcecode.swift; path = Network.swift; sourceTree = "<group>"; };
		9A768C44239C08B6008F895A /* UIViewController+dismissKeyboard.swift */ = {isa = PBXFileReference; lastKnownFileType = sourcecode.swift; path = "UIViewController+dismissKeyboard.swift"; sourceTree = "<group>"; };
		9A806F8923929CA900BD7B8F /* HomeScreenTest.swift */ = {isa = PBXFileReference; lastKnownFileType = sourcecode.swift; path = HomeScreenTest.swift; sourceTree = "<group>"; };
		9A8DEDE92393F0F1000EA61B /* UIViewForSnapShot.swift */ = {isa = PBXFileReference; lastKnownFileType = sourcecode.swift; path = UIViewForSnapShot.swift; sourceTree = "<group>"; };
		9A8DEDEB2393FE2A000EA61B /* FactViewCellTest.swift */ = {isa = PBXFileReference; lastKnownFileType = sourcecode.swift; path = FactViewCellTest.swift; sourceTree = "<group>"; };
		9A8DEDEE23941D97000EA61B /* SizeViewTest.swift */ = {isa = PBXFileReference; lastKnownFileType = sourcecode.swift; path = SizeViewTest.swift; sourceTree = "<group>"; };
		9A8DEDF423942393000EA61B /* ViewForTest.swift */ = {isa = PBXFileReference; lastKnownFileType = sourcecode.swift; path = ViewForTest.swift; sourceTree = "<group>"; };
		9A9F8B39239C7AE90038CA7C /* FontSizeFact.swift */ = {isa = PBXFileReference; lastKnownFileType = sourcecode.swift; path = FontSizeFact.swift; sourceTree = "<group>"; };
		9A9F8B3D239C7E7B0038CA7C /* FactSettings.swift */ = {isa = PBXFileReference; lastKnownFileType = sourcecode.swift; path = FactSettings.swift; sourceTree = "<group>"; };
		9ABC2A852397408B0046A4B4 /* SearchFactTest.swift */ = {isa = PBXFileReference; lastKnownFileType = sourcecode.swift; path = SearchFactTest.swift; sourceTree = "<group>"; };
		9AC43CF02395F0BB0099F575 /* SearchFact.swift */ = {isa = PBXFileReference; lastKnownFileType = sourcecode.swift; path = SearchFact.swift; sourceTree = "<group>"; };
		9AC43CF22395F1530099F575 /* SearchFactViewController.swift */ = {isa = PBXFileReference; lastKnownFileType = sourcecode.swift; path = SearchFactViewController.swift; sourceTree = "<group>"; };
		9AF9BE14238D4E3C002A4B9D /* CodeView.swift */ = {isa = PBXFileReference; lastKnownFileType = sourcecode.swift; path = CodeView.swift; sourceTree = "<group>"; };
		9AF9BE16238D4F5D002A4B9D /* Home.swift */ = {isa = PBXFileReference; lastKnownFileType = sourcecode.swift; path = Home.swift; sourceTree = "<group>"; };
		9AF9BE18238D4FCF002A4B9D /* HomeViewController.swift */ = {isa = PBXFileReference; lastKnownFileType = sourcecode.swift; path = HomeViewController.swift; sourceTree = "<group>"; };
		9AF9BE1B238D6251002A4B9D /* Uicolor+AppColor.swift */ = {isa = PBXFileReference; lastKnownFileType = sourcecode.swift; path = "Uicolor+AppColor.swift"; sourceTree = "<group>"; };
		9AF9BE1D238D62D3002A4B9D /* UIColor+ExtensionInit.swift */ = {isa = PBXFileReference; lastKnownFileType = sourcecode.swift; path = "UIColor+ExtensionInit.swift"; sourceTree = "<group>"; };
		B4BC64851979770C8865358C /* Pods_Chuck_Norris_factsUITests.framework */ = {isa = PBXFileReference; explicitFileType = wrapper.framework; includeInIndex = 0; path = Pods_Chuck_Norris_factsUITests.framework; sourceTree = BUILT_PRODUCTS_DIR; };
		DD1F09BF359EED7740B79F5A /* Pods-Chuck-Norris-factsUITests.release.xcconfig */ = {isa = PBXFileReference; includeInIndex = 1; lastKnownFileType = text.xcconfig; name = "Pods-Chuck-Norris-factsUITests.release.xcconfig"; path = "Target Support Files/Pods-Chuck-Norris-factsUITests/Pods-Chuck-Norris-factsUITests.release.xcconfig"; sourceTree = "<group>"; };
/* End PBXFileReference section */

/* Begin PBXFrameworksBuildPhase section */
		9A6DBD93238CA3DE006D7805 /* Frameworks */ = {
			isa = PBXFrameworksBuildPhase;
			buildActionMask = 2147483647;
			files = (
				2342559EC175B56E0225F6CB /* Pods_Chuck_Norris_facts.framework in Frameworks */,
			);
			runOnlyForDeploymentPostprocessing = 0;
		};
		9A6DBDA9238CA3E0006D7805 /* Frameworks */ = {
			isa = PBXFrameworksBuildPhase;
			buildActionMask = 2147483647;
			files = (
				CF086536491F532EB87F069E /* Pods_Chuck_Norris_facts_Chuck_Norris_factsTests.framework in Frameworks */,
			);
			runOnlyForDeploymentPostprocessing = 0;
		};
		9A6DBDB4238CA3E0006D7805 /* Frameworks */ = {
			isa = PBXFrameworksBuildPhase;
			buildActionMask = 2147483647;
			files = (
				1ECDDA530970BDEF514DBA2A /* Pods_Chuck_Norris_factsUITests.framework in Frameworks */,
			);
			runOnlyForDeploymentPostprocessing = 0;
		};
/* End PBXFrameworksBuildPhase section */

/* Begin PBXGroup section */
		95FC03CE3BAEE36DA94ECC46 /* Frameworks */ = {
			isa = PBXGroup;
			children = (
				3522636E8D1F74887D00B587 /* Pods_Chuck_Norris_facts.framework */,
				595382D733E46B8CF38F70D2 /* Pods_Chuck_Norris_facts_Chuck_Norris_factsTests.framework */,
				B4BC64851979770C8865358C /* Pods_Chuck_Norris_factsUITests.framework */,
			);
			name = Frameworks;
			sourceTree = "<group>";
		};
		9A4A4EB0239B03830063CBAF /* JSON */ = {
			isa = PBXGroup;
			children = (
				9A4A4EB5239B10950063CBAF /* Facts.json */,
			);
			path = JSON;
			sourceTree = "<group>";
		};
		9A4AC265239A90B8003CCF55 /* Tests */ = {
			isa = PBXGroup;
			children = (
				9A4AC266239A9101003CCF55 /* NetworkLayerTest.swift */,
			);
			path = Tests;
			sourceTree = "<group>";
		};
		9A58430B23982B9900C318FF /* NetworkLayer */ = {
			isa = PBXGroup;
			children = (
				9A5843212398473A00C318FF /* Provider */,
				9A5843162398360200C318FF /* Extensions */,
				9A58430F239833A500C318FF /* Enuns */,
				9A58430C2398335400C318FF /* Protocol */,
				9A632B082399799300C777E2 /* NetworkService.swift */,
				9A768C41239BE66A008F895A /* Network.swift */,
			);
			path = NetworkLayer;
			sourceTree = "<group>";
		};
		9A58430C2398335400C318FF /* Protocol */ = {
			isa = PBXGroup;
			children = (
				9A58430D2398337000C318FF /* ServiceProtocol.swift */,
				9A58431F2398469A00C318FF /* ProviderProtocol.swift */,
				9A632B0423996AFF00C777E2 /* URLSessionProtocol.swift */,
				9A632B0623996BF200C777E2 /* URLSessionDataTaskProtocol.swift */,
			);
			path = Protocol;
			sourceTree = "<group>";
		};
		9A58430F239833A500C318FF /* Enuns */ = {
			isa = PBXGroup;
			children = (
				9A584310239833BA00C318FF /* HTTPMethod.swift */,
				9A5843122398341100C318FF /* HTTPTask.swift */,
				9A584314239834F800C318FF /* ParametersEncoding.swift */,
				9A58431B239845E400C318FF /* NetworkResponse.swift */,
				9A58431D2398460B00C318FF /* NetworkError.swift */,
			);
			path = Enuns;
			sourceTree = "<group>";
		};
		9A5843162398360200C318FF /* Extensions */ = {
			isa = PBXGroup;
			children = (
				9A5843172398366100C318FF /* URLComponents.swift */,
				9A5843192398449200C318FF /* URLRequest.swift */,
			);
			path = Extensions;
			sourceTree = "<group>";
		};
		9A5843212398473A00C318FF /* Provider */ = {
			isa = PBXGroup;
			children = (
				9A632B0223996AB200C777E2 /* URLSessionProvider.swift */,
			);
			path = Provider;
			sourceTree = "<group>";
		};
		9A5EE4DF239A79C1001AB998 /* Mock */ = {
			isa = PBXGroup;
			children = (
				9A5EE4EB239A7E77001AB998 /* URLSessionDataTaskMock.swift */,
				9A5EE4E0239A79E7001AB998 /* ModelMock.swift */,
				9A5EE4DD239A771D001AB998 /* ServiceMock.swift */,
				9A5EE4FB239A84B8001AB998 /* URLSessionMock.swift */,
			);
			path = Mock;
			sourceTree = "<group>";
		};
		9A5EE4EF239A7F26001AB998 /* Model */ = {
			isa = PBXGroup;
			children = (
				9A5EE4F4239A7FC9001AB998 /* FactDTO.swift */,
				9A5EE4F2239A7F7C001AB998 /* Fact.swift */,
				9A4A4EBC239B2AE70063CBAF /* AlertsErrors.swift */,
				9A9F8B3D239C7E7B0038CA7C /* FactSettings.swift */,
			);
			path = Model;
			sourceTree = "<group>";
		};
		9A6DBD8D238CA3DE006D7805 = {
			isa = PBXGroup;
			children = (
				9A6DBD98238CA3DE006D7805 /* Chuck-Norris-facts */,
				9A6DBDAF238CA3E0006D7805 /* Chuck-Norris-factsTests */,
				9A6DBDBA238CA3E0006D7805 /* Chuck-Norris-factsUITests */,
				9A6DBD97238CA3DE006D7805 /* Products */,
				F4BC3EDB4B15C894F28E4B0A /* Pods */,
				95FC03CE3BAEE36DA94ECC46 /* Frameworks */,
			);
			sourceTree = "<group>";
		};
		9A6DBD97238CA3DE006D7805 /* Products */ = {
			isa = PBXGroup;
			children = (
				9A6DBD96238CA3DE006D7805 /* Chuck-Norris-facts.app */,
				9A6DBDAC238CA3E0006D7805 /* Chuck-Norris-factsTests.xctest */,
				9A6DBDB7238CA3E0006D7805 /* Chuck-Norris-factsUITests.xctest */,
			);
			name = Products;
			sourceTree = "<group>";
		};
		9A6DBD98238CA3DE006D7805 /* Chuck-Norris-facts */ = {
			isa = PBXGroup;
			children = (
				9A58430B23982B9900C318FF /* NetworkLayer */,
				9A768C3C239BDDB4008F895A /* Enum */,
				9AF9BE1A238D51F9002A4B9D /* Extension */,
				9AF9BE13238D4DD3002A4B9D /* Protocol */,
				9A5EE4EF239A7F26001AB998 /* Model */,
				9AF9BE11238D4C7D002A4B9D /* View */,
				9AF9BE12238D4C84002A4B9D /* Controller */,
				9A6DBD99238CA3DE006D7805 /* AppDelegate.swift */,
				9A6DBD9B238CA3DE006D7805 /* SceneDelegate.swift */,
				9A6DBDA2238CA3E0006D7805 /* Assets.xcassets */,
				9A6DBDA4238CA3E0006D7805 /* LaunchScreen.storyboard */,
				9A6DBDA7238CA3E0006D7805 /* Info.plist */,
			);
			path = "Chuck-Norris-facts";
			sourceTree = "<group>";
		};
		9A6DBDAF238CA3E0006D7805 /* Chuck-Norris-factsTests */ = {
			isa = PBXGroup;
			children = (
				9A7051EB2399E2A000B1FDED /* NetWorkLayerTest */,
				9A9D65582392993800CD792D /* ScrenTest */,
				9A6DBDB0238CA3E0006D7805 /* Chuck_Norris_factsTests.swift */,
				9A6DBDB2238CA3E0006D7805 /* Info.plist */,
			);
			path = "Chuck-Norris-factsTests";
			sourceTree = "<group>";
		};
		9A6DBDBA238CA3E0006D7805 /* Chuck-Norris-factsUITests */ = {
			isa = PBXGroup;
			children = (
				9A6DBDBB238CA3E0006D7805 /* Chuck_Norris_factsUITests.swift */,
				9A6DBDBD238CA3E0006D7805 /* Info.plist */,
			);
			path = "Chuck-Norris-factsUITests";
			sourceTree = "<group>";
		};
		9A7051EB2399E2A000B1FDED /* NetWorkLayerTest */ = {
			isa = PBXGroup;
			children = (
				9A4A4EB0239B03830063CBAF /* JSON */,
				9A4AC265239A90B8003CCF55 /* Tests */,
				9A5EE4DF239A79C1001AB998 /* Mock */,
			);
			path = NetWorkLayerTest;
			sourceTree = "<group>";
		};
		9A768C3C239BDDB4008F895A /* Enum */ = {
			isa = PBXGroup;
			children = (
				9A768C3D239BDDC8008F895A /* TypeError.swift */,
				9A9F8B39239C7AE90038CA7C /* FontSizeFact.swift */,
			);
			path = Enum;
			sourceTree = "<group>";
		};
		9A8DEDED23941CC5000EA61B /* Enum */ = {
			isa = PBXGroup;
			children = (
				9A8DEDEE23941D97000EA61B /* SizeViewTest.swift */,
			);
			path = Enum;
			sourceTree = "<group>";
		};
		9A8DEDF32394236F000EA61B /* Protocol */ = {
			isa = PBXGroup;
			children = (
				9A8DEDF423942393000EA61B /* ViewForTest.swift */,
			);
			path = Protocol;
			sourceTree = "<group>";
		};
		9A9D65582392993800CD792D /* ScrenTest */ = {
			isa = PBXGroup;
			children = (
				9A8DEDF32394236F000EA61B /* Protocol */,
				9A8DEDED23941CC5000EA61B /* Enum */,
				9A806F8923929CA900BD7B8F /* HomeScreenTest.swift */,
				9A8DEDE92393F0F1000EA61B /* UIViewForSnapShot.swift */,
				9A8DEDEB2393FE2A000EA61B /* FactViewCellTest.swift */,
				9ABC2A852397408B0046A4B4 /* SearchFactTest.swift */,
			);
			path = ScrenTest;
			sourceTree = "<group>";
		};
		9AF9BE11238D4C7D002A4B9D /* View */ = {
			isa = PBXGroup;
			children = (
				9AF9BE16238D4F5D002A4B9D /* Home.swift */,
				9A529540238DB3950059EB62 /* FactTableViewCell.swift */,
				9AC43CF02395F0BB0099F575 /* SearchFact.swift */,
			);
			path = View;
			sourceTree = "<group>";
		};
		9AF9BE12238D4C84002A4B9D /* Controller */ = {
			isa = PBXGroup;
			children = (
				9AF9BE18238D4FCF002A4B9D /* HomeViewController.swift */,
				9AC43CF22395F1530099F575 /* SearchFactViewController.swift */,
			);
			path = Controller;
			sourceTree = "<group>";
		};
		9AF9BE13238D4DD3002A4B9D /* Protocol */ = {
			isa = PBXGroup;
			children = (
				9AF9BE14238D4E3C002A4B9D /* CodeView.swift */,
			);
			path = Protocol;
			sourceTree = "<group>";
		};
		9AF9BE1A238D51F9002A4B9D /* Extension */ = {
			isa = PBXGroup;
			children = (
				9AF9BE1B238D6251002A4B9D /* Uicolor+AppColor.swift */,
				9AF9BE1D238D62D3002A4B9D /* UIColor+ExtensionInit.swift */,
				9A549AD8238EF6A500F3CF8C /* UIView+DesignView.swift */,
				9A768C44239C08B6008F895A /* UIViewController+dismissKeyboard.swift */,
			);
			path = Extension;
			sourceTree = "<group>";
		};
		F4BC3EDB4B15C894F28E4B0A /* Pods */ = {
			isa = PBXGroup;
			children = (
				415AEF4E13F93EE45C0F2B5A /* Pods-Chuck-Norris-facts.debug.xcconfig */,
				4F27E48C2F5D518AA4F72CA9 /* Pods-Chuck-Norris-facts.release.xcconfig */,
				10DC6E0DA3F87781EB5109C6 /* Pods-Chuck-Norris-facts-Chuck-Norris-factsTests.debug.xcconfig */,
				6F08FF614184FB0CBA20F323 /* Pods-Chuck-Norris-facts-Chuck-Norris-factsTests.release.xcconfig */,
				209BD6CA5F96DAAE51173C40 /* Pods-Chuck-Norris-factsUITests.debug.xcconfig */,
				DD1F09BF359EED7740B79F5A /* Pods-Chuck-Norris-factsUITests.release.xcconfig */,
			);
			path = Pods;
			sourceTree = "<group>";
		};
/* End PBXGroup section */

/* Begin PBXNativeTarget section */
		9A6DBD95238CA3DE006D7805 /* Chuck-Norris-facts */ = {
			isa = PBXNativeTarget;
			buildConfigurationList = 9A6DBDC0238CA3E0006D7805 /* Build configuration list for PBXNativeTarget "Chuck-Norris-facts" */;
			buildPhases = (
				ACC09ECDC878C6DC8653E87D /* [CP] Check Pods Manifest.lock */,
				9A6DBD92238CA3DE006D7805 /* Sources */,
				9A6DBD93238CA3DE006D7805 /* Frameworks */,
				9A6DBD94238CA3DE006D7805 /* Resources */,
				F4908EC7B5F771FE8D6D6CDF /* [CP] Embed Pods Frameworks */,
			);
			buildRules = (
			);
			dependencies = (
			);
			name = "Chuck-Norris-facts";
			productName = "Chuck-Norris-facts";
			productReference = 9A6DBD96238CA3DE006D7805 /* Chuck-Norris-facts.app */;
			productType = "com.apple.product-type.application";
		};
		9A6DBDAB238CA3E0006D7805 /* Chuck-Norris-factsTests */ = {
			isa = PBXNativeTarget;
			buildConfigurationList = 9A6DBDC3238CA3E0006D7805 /* Build configuration list for PBXNativeTarget "Chuck-Norris-factsTests" */;
			buildPhases = (
				1371D26D555919B46741AA58 /* [CP] Check Pods Manifest.lock */,
				9A6DBDA8238CA3E0006D7805 /* Sources */,
				9A6DBDA9238CA3E0006D7805 /* Frameworks */,
				9A6DBDAA238CA3E0006D7805 /* Resources */,
				ED5B57F99063932EF36D1010 /* [CP] Embed Pods Frameworks */,
			);
			buildRules = (
			);
			dependencies = (
				9A6DBDAE238CA3E0006D7805 /* PBXTargetDependency */,
			);
			name = "Chuck-Norris-factsTests";
			productName = "Chuck-Norris-factsTests";
			productReference = 9A6DBDAC238CA3E0006D7805 /* Chuck-Norris-factsTests.xctest */;
			productType = "com.apple.product-type.bundle.unit-test";
		};
		9A6DBDB6238CA3E0006D7805 /* Chuck-Norris-factsUITests */ = {
			isa = PBXNativeTarget;
			buildConfigurationList = 9A6DBDC6238CA3E0006D7805 /* Build configuration list for PBXNativeTarget "Chuck-Norris-factsUITests" */;
			buildPhases = (
				4D50FA0D743504E681192414 /* [CP] Check Pods Manifest.lock */,
				9A6DBDB3238CA3E0006D7805 /* Sources */,
				9A6DBDB4238CA3E0006D7805 /* Frameworks */,
				9A6DBDB5238CA3E0006D7805 /* Resources */,
				058DD8557032EE1945057373 /* [CP] Embed Pods Frameworks */,
			);
			buildRules = (
			);
			dependencies = (
				9A6DBDB9238CA3E0006D7805 /* PBXTargetDependency */,
			);
			name = "Chuck-Norris-factsUITests";
			productName = "Chuck-Norris-factsUITests";
			productReference = 9A6DBDB7238CA3E0006D7805 /* Chuck-Norris-factsUITests.xctest */;
			productType = "com.apple.product-type.bundle.ui-testing";
		};
/* End PBXNativeTarget section */

/* Begin PBXProject section */
		9A6DBD8E238CA3DE006D7805 /* Project object */ = {
			isa = PBXProject;
			attributes = {
				LastSwiftUpdateCheck = 1120;
				LastUpgradeCheck = 1120;
				ORGANIZATIONNAME = "Joao Batista";
				TargetAttributes = {
					9A6DBD95238CA3DE006D7805 = {
						CreatedOnToolsVersion = 11.2.1;
					};
					9A6DBDAB238CA3E0006D7805 = {
						CreatedOnToolsVersion = 11.2.1;
						TestTargetID = 9A6DBD95238CA3DE006D7805;
					};
					9A6DBDB6238CA3E0006D7805 = {
						CreatedOnToolsVersion = 11.2.1;
						TestTargetID = 9A6DBD95238CA3DE006D7805;
					};
				};
			};
			buildConfigurationList = 9A6DBD91238CA3DE006D7805 /* Build configuration list for PBXProject "Chuck-Norris-facts" */;
			compatibilityVersion = "Xcode 9.3";
			developmentRegion = en;
			hasScannedForEncodings = 0;
			knownRegions = (
				en,
				Base,
			);
			mainGroup = 9A6DBD8D238CA3DE006D7805;
			productRefGroup = 9A6DBD97238CA3DE006D7805 /* Products */;
			projectDirPath = "";
			projectRoot = "";
			targets = (
				9A6DBD95238CA3DE006D7805 /* Chuck-Norris-facts */,
				9A6DBDAB238CA3E0006D7805 /* Chuck-Norris-factsTests */,
				9A6DBDB6238CA3E0006D7805 /* Chuck-Norris-factsUITests */,
			);
		};
/* End PBXProject section */

/* Begin PBXResourcesBuildPhase section */
		9A6DBD94238CA3DE006D7805 /* Resources */ = {
			isa = PBXResourcesBuildPhase;
			buildActionMask = 2147483647;
			files = (
				9A6DBDA6238CA3E0006D7805 /* LaunchScreen.storyboard in Resources */,
				9A6DBDA3238CA3E0006D7805 /* Assets.xcassets in Resources */,
				9A4A4EB6239B10950063CBAF /* Facts.json in Resources */,
			);
			runOnlyForDeploymentPostprocessing = 0;
		};
		9A6DBDAA238CA3E0006D7805 /* Resources */ = {
			isa = PBXResourcesBuildPhase;
			buildActionMask = 2147483647;
			files = (
				9A4A4EB7239B10950063CBAF /* Facts.json in Resources */,
			);
			runOnlyForDeploymentPostprocessing = 0;
		};
		9A6DBDB5238CA3E0006D7805 /* Resources */ = {
			isa = PBXResourcesBuildPhase;
			buildActionMask = 2147483647;
			files = (
			);
			runOnlyForDeploymentPostprocessing = 0;
		};
/* End PBXResourcesBuildPhase section */

/* Begin PBXShellScriptBuildPhase section */
		058DD8557032EE1945057373 /* [CP] Embed Pods Frameworks */ = {
			isa = PBXShellScriptBuildPhase;
			buildActionMask = 2147483647;
			files = (
			);
			inputFileListPaths = (
				"${PODS_ROOT}/Target Support Files/Pods-Chuck-Norris-factsUITests/Pods-Chuck-Norris-factsUITests-frameworks-${CONFIGURATION}-input-files.xcfilelist",
			);
			name = "[CP] Embed Pods Frameworks";
			outputFileListPaths = (
				"${PODS_ROOT}/Target Support Files/Pods-Chuck-Norris-factsUITests/Pods-Chuck-Norris-factsUITests-frameworks-${CONFIGURATION}-output-files.xcfilelist",
			);
			runOnlyForDeploymentPostprocessing = 0;
			shellPath = /bin/sh;
			shellScript = "\"${PODS_ROOT}/Target Support Files/Pods-Chuck-Norris-factsUITests/Pods-Chuck-Norris-factsUITests-frameworks.sh\"\n";
			showEnvVarsInLog = 0;
		};
		1371D26D555919B46741AA58 /* [CP] Check Pods Manifest.lock */ = {
			isa = PBXShellScriptBuildPhase;
			buildActionMask = 2147483647;
			files = (
			);
			inputFileListPaths = (
			);
			inputPaths = (
				"${PODS_PODFILE_DIR_PATH}/Podfile.lock",
				"${PODS_ROOT}/Manifest.lock",
			);
			name = "[CP] Check Pods Manifest.lock";
			outputFileListPaths = (
			);
			outputPaths = (
				"$(DERIVED_FILE_DIR)/Pods-Chuck-Norris-facts-Chuck-Norris-factsTests-checkManifestLockResult.txt",
			);
			runOnlyForDeploymentPostprocessing = 0;
			shellPath = /bin/sh;
			shellScript = "diff \"${PODS_PODFILE_DIR_PATH}/Podfile.lock\" \"${PODS_ROOT}/Manifest.lock\" > /dev/null\nif [ $? != 0 ] ; then\n    # print error to STDERR\n    echo \"error: The sandbox is not in sync with the Podfile.lock. Run 'pod install' or update your CocoaPods installation.\" >&2\n    exit 1\nfi\n# This output is used by Xcode 'outputs' to avoid re-running this script phase.\necho \"SUCCESS\" > \"${SCRIPT_OUTPUT_FILE_0}\"\n";
			showEnvVarsInLog = 0;
		};
		4D50FA0D743504E681192414 /* [CP] Check Pods Manifest.lock */ = {
			isa = PBXShellScriptBuildPhase;
			buildActionMask = 2147483647;
			files = (
			);
			inputFileListPaths = (
			);
			inputPaths = (
				"${PODS_PODFILE_DIR_PATH}/Podfile.lock",
				"${PODS_ROOT}/Manifest.lock",
			);
			name = "[CP] Check Pods Manifest.lock";
			outputFileListPaths = (
			);
			outputPaths = (
				"$(DERIVED_FILE_DIR)/Pods-Chuck-Norris-factsUITests-checkManifestLockResult.txt",
			);
			runOnlyForDeploymentPostprocessing = 0;
			shellPath = /bin/sh;
			shellScript = "diff \"${PODS_PODFILE_DIR_PATH}/Podfile.lock\" \"${PODS_ROOT}/Manifest.lock\" > /dev/null\nif [ $? != 0 ] ; then\n    # print error to STDERR\n    echo \"error: The sandbox is not in sync with the Podfile.lock. Run 'pod install' or update your CocoaPods installation.\" >&2\n    exit 1\nfi\n# This output is used by Xcode 'outputs' to avoid re-running this script phase.\necho \"SUCCESS\" > \"${SCRIPT_OUTPUT_FILE_0}\"\n";
			showEnvVarsInLog = 0;
		};
		ACC09ECDC878C6DC8653E87D /* [CP] Check Pods Manifest.lock */ = {
			isa = PBXShellScriptBuildPhase;
			buildActionMask = 2147483647;
			files = (
			);
			inputFileListPaths = (
			);
			inputPaths = (
				"${PODS_PODFILE_DIR_PATH}/Podfile.lock",
				"${PODS_ROOT}/Manifest.lock",
			);
			name = "[CP] Check Pods Manifest.lock";
			outputFileListPaths = (
			);
			outputPaths = (
				"$(DERIVED_FILE_DIR)/Pods-Chuck-Norris-facts-checkManifestLockResult.txt",
			);
			runOnlyForDeploymentPostprocessing = 0;
			shellPath = /bin/sh;
			shellScript = "diff \"${PODS_PODFILE_DIR_PATH}/Podfile.lock\" \"${PODS_ROOT}/Manifest.lock\" > /dev/null\nif [ $? != 0 ] ; then\n    # print error to STDERR\n    echo \"error: The sandbox is not in sync with the Podfile.lock. Run 'pod install' or update your CocoaPods installation.\" >&2\n    exit 1\nfi\n# This output is used by Xcode 'outputs' to avoid re-running this script phase.\necho \"SUCCESS\" > \"${SCRIPT_OUTPUT_FILE_0}\"\n";
			showEnvVarsInLog = 0;
		};
		ED5B57F99063932EF36D1010 /* [CP] Embed Pods Frameworks */ = {
			isa = PBXShellScriptBuildPhase;
			buildActionMask = 2147483647;
			files = (
			);
			inputFileListPaths = (
				"${PODS_ROOT}/Target Support Files/Pods-Chuck-Norris-facts-Chuck-Norris-factsTests/Pods-Chuck-Norris-facts-Chuck-Norris-factsTests-frameworks-${CONFIGURATION}-input-files.xcfilelist",
			);
			name = "[CP] Embed Pods Frameworks";
			outputFileListPaths = (
				"${PODS_ROOT}/Target Support Files/Pods-Chuck-Norris-facts-Chuck-Norris-factsTests/Pods-Chuck-Norris-facts-Chuck-Norris-factsTests-frameworks-${CONFIGURATION}-output-files.xcfilelist",
			);
			runOnlyForDeploymentPostprocessing = 0;
			shellPath = /bin/sh;
			shellScript = "\"${PODS_ROOT}/Target Support Files/Pods-Chuck-Norris-facts-Chuck-Norris-factsTests/Pods-Chuck-Norris-facts-Chuck-Norris-factsTests-frameworks.sh\"\n";
			showEnvVarsInLog = 0;
		};
		F4908EC7B5F771FE8D6D6CDF /* [CP] Embed Pods Frameworks */ = {
			isa = PBXShellScriptBuildPhase;
			buildActionMask = 2147483647;
			files = (
			);
			inputFileListPaths = (
				"${PODS_ROOT}/Target Support Files/Pods-Chuck-Norris-facts/Pods-Chuck-Norris-facts-frameworks-${CONFIGURATION}-input-files.xcfilelist",
			);
			name = "[CP] Embed Pods Frameworks";
			outputFileListPaths = (
				"${PODS_ROOT}/Target Support Files/Pods-Chuck-Norris-facts/Pods-Chuck-Norris-facts-frameworks-${CONFIGURATION}-output-files.xcfilelist",
			);
			runOnlyForDeploymentPostprocessing = 0;
			shellPath = /bin/sh;
			shellScript = "\"${PODS_ROOT}/Target Support Files/Pods-Chuck-Norris-facts/Pods-Chuck-Norris-facts-frameworks.sh\"\n";
			showEnvVarsInLog = 0;
		};
/* End PBXShellScriptBuildPhase section */

/* Begin PBXSourcesBuildPhase section */
		9A6DBD92238CA3DE006D7805 /* Sources */ = {
			isa = PBXSourcesBuildPhase;
			buildActionMask = 2147483647;
			files = (
				9A6DBD9A238CA3DE006D7805 /* AppDelegate.swift in Sources */,
				9A632B0723996BF200C777E2 /* URLSessionDataTaskProtocol.swift in Sources */,
				9AC43CF12395F0BB0099F575 /* SearchFact.swift in Sources */,
				9AF9BE17238D4F5D002A4B9D /* Home.swift in Sources */,
				9A58430E2398337000C318FF /* ServiceProtocol.swift in Sources */,
				9A6DBD9C238CA3DE006D7805 /* SceneDelegate.swift in Sources */,
				9A768C3E239BDDC8008F895A /* TypeError.swift in Sources */,
				9A58431C239845E500C318FF /* NetworkResponse.swift in Sources */,
				9A5843202398469A00C318FF /* ProviderProtocol.swift in Sources */,
				9A529541238DB3950059EB62 /* FactTableViewCell.swift in Sources */,
				9A549AD9238EF6A500F3CF8C /* UIView+DesignView.swift in Sources */,
				9A632B092399799300C777E2 /* NetworkService.swift in Sources */,
				9A5843182398366100C318FF /* URLComponents.swift in Sources */,
				9AF9BE1C238D6251002A4B9D /* Uicolor+AppColor.swift in Sources */,
				9A5EE4F5239A7FC9001AB998 /* FactDTO.swift in Sources */,
				9AF9BE15238D4E3C002A4B9D /* CodeView.swift in Sources */,
				9A632B0323996AB200C777E2 /* URLSessionProvider.swift in Sources */,
				9AF9BE19238D4FCF002A4B9D /* HomeViewController.swift in Sources */,
				9A584311239833BA00C318FF /* HTTPMethod.swift in Sources */,
				9AF9BE1E238D62D3002A4B9D /* UIColor+ExtensionInit.swift in Sources */,
				9A768C42239BE66A008F895A /* Network.swift in Sources */,
				9A632B0523996AFF00C777E2 /* URLSessionProtocol.swift in Sources */,
				9A4A4EBD239B2AE70063CBAF /* AlertsErrors.swift in Sources */,
				9A5843132398341100C318FF /* HTTPTask.swift in Sources */,
				9A5EE4F3239A7F7C001AB998 /* Fact.swift in Sources */,
				9A584315239834F800C318FF /* ParametersEncoding.swift in Sources */,
				9A58431A2398449200C318FF /* URLRequest.swift in Sources */,
				9A9F8B3A239C7AE90038CA7C /* FontSizeFact.swift in Sources */,
				9A9F8B3E239C7E7B0038CA7C /* FactSettings.swift in Sources */,
				9AC43CF32395F1530099F575 /* SearchFactViewController.swift in Sources */,
				9A768C45239C08B6008F895A /* UIViewController+dismissKeyboard.swift in Sources */,
				9A58431E2398460B00C318FF /* NetworkError.swift in Sources */,
			);
			runOnlyForDeploymentPostprocessing = 0;
		};
		9A6DBDA8238CA3E0006D7805 /* Sources */ = {
			isa = PBXSourcesBuildPhase;
			buildActionMask = 2147483647;
			files = (
				9A5EE4FC239A84B8001AB998 /* URLSessionMock.swift in Sources */,
				9A5EE4DE239A771D001AB998 /* ServiceMock.swift in Sources */,
				9A4AC267239A9101003CCF55 /* NetworkLayerTest.swift in Sources */,
				9A5EE4E1239A79E7001AB998 /* ModelMock.swift in Sources */,
				9A806F8A23929CA900BD7B8F /* HomeScreenTest.swift in Sources */,
				9A8DEDEA2393F0F1000EA61B /* UIViewForSnapShot.swift in Sources */,
				9A8DEDF523942393000EA61B /* ViewForTest.swift in Sources */,
				9A8DEDEC2393FE2A000EA61B /* FactViewCellTest.swift in Sources */,
				9ABC2A862397408B0046A4B4 /* SearchFactTest.swift in Sources */,
				9A5EE4EC239A7E77001AB998 /* URLSessionDataTaskMock.swift in Sources */,
				9A6DBDB1238CA3E0006D7805 /* Chuck_Norris_factsTests.swift in Sources */,
				9A8DEDEF23941D97000EA61B /* SizeViewTest.swift in Sources */,
			);
			runOnlyForDeploymentPostprocessing = 0;
		};
		9A6DBDB3238CA3E0006D7805 /* Sources */ = {
			isa = PBXSourcesBuildPhase;
			buildActionMask = 2147483647;
			files = (
				9A6DBDBC238CA3E0006D7805 /* Chuck_Norris_factsUITests.swift in Sources */,
			);
			runOnlyForDeploymentPostprocessing = 0;
		};
/* End PBXSourcesBuildPhase section */

/* Begin PBXTargetDependency section */
		9A6DBDAE238CA3E0006D7805 /* PBXTargetDependency */ = {
			isa = PBXTargetDependency;
			target = 9A6DBD95238CA3DE006D7805 /* Chuck-Norris-facts */;
			targetProxy = 9A6DBDAD238CA3E0006D7805 /* PBXContainerItemProxy */;
		};
		9A6DBDB9238CA3E0006D7805 /* PBXTargetDependency */ = {
			isa = PBXTargetDependency;
			target = 9A6DBD95238CA3DE006D7805 /* Chuck-Norris-facts */;
			targetProxy = 9A6DBDB8238CA3E0006D7805 /* PBXContainerItemProxy */;
		};
/* End PBXTargetDependency section */

/* Begin PBXVariantGroup section */
		9A6DBDA4238CA3E0006D7805 /* LaunchScreen.storyboard */ = {
			isa = PBXVariantGroup;
			children = (
				9A6DBDA5238CA3E0006D7805 /* Base */,
			);
			name = LaunchScreen.storyboard;
			sourceTree = "<group>";
		};
/* End PBXVariantGroup section */

/* Begin XCBuildConfiguration section */
		9A6DBDBE238CA3E0006D7805 /* Debug */ = {
			isa = XCBuildConfiguration;
			buildSettings = {
				ALWAYS_SEARCH_USER_PATHS = NO;
				CLANG_ANALYZER_NONNULL = YES;
				CLANG_ANALYZER_NUMBER_OBJECT_CONVERSION = YES_AGGRESSIVE;
				CLANG_CXX_LANGUAGE_STANDARD = "gnu++14";
				CLANG_CXX_LIBRARY = "libc++";
				CLANG_ENABLE_MODULES = YES;
				CLANG_ENABLE_OBJC_ARC = YES;
				CLANG_ENABLE_OBJC_WEAK = YES;
				CLANG_WARN_BLOCK_CAPTURE_AUTORELEASING = YES;
				CLANG_WARN_BOOL_CONVERSION = YES;
				CLANG_WARN_COMMA = YES;
				CLANG_WARN_CONSTANT_CONVERSION = YES;
				CLANG_WARN_DEPRECATED_OBJC_IMPLEMENTATIONS = YES;
				CLANG_WARN_DIRECT_OBJC_ISA_USAGE = YES_ERROR;
				CLANG_WARN_DOCUMENTATION_COMMENTS = YES;
				CLANG_WARN_EMPTY_BODY = YES;
				CLANG_WARN_ENUM_CONVERSION = YES;
				CLANG_WARN_INFINITE_RECURSION = YES;
				CLANG_WARN_INT_CONVERSION = YES;
				CLANG_WARN_NON_LITERAL_NULL_CONVERSION = YES;
				CLANG_WARN_OBJC_IMPLICIT_RETAIN_SELF = YES;
				CLANG_WARN_OBJC_LITERAL_CONVERSION = YES;
				CLANG_WARN_OBJC_ROOT_CLASS = YES_ERROR;
				CLANG_WARN_RANGE_LOOP_ANALYSIS = YES;
				CLANG_WARN_STRICT_PROTOTYPES = YES;
				CLANG_WARN_SUSPICIOUS_MOVE = YES;
				CLANG_WARN_UNGUARDED_AVAILABILITY = YES_AGGRESSIVE;
				CLANG_WARN_UNREACHABLE_CODE = YES;
				CLANG_WARN__DUPLICATE_METHOD_MATCH = YES;
				COPY_PHASE_STRIP = NO;
				DEBUG_INFORMATION_FORMAT = dwarf;
				ENABLE_STRICT_OBJC_MSGSEND = YES;
				ENABLE_TESTABILITY = YES;
				GCC_C_LANGUAGE_STANDARD = gnu11;
				GCC_DYNAMIC_NO_PIC = NO;
				GCC_NO_COMMON_BLOCKS = YES;
				GCC_OPTIMIZATION_LEVEL = 0;
				GCC_PREPROCESSOR_DEFINITIONS = (
					"DEBUG=1",
					"$(inherited)",
				);
				GCC_WARN_64_TO_32_BIT_CONVERSION = YES;
				GCC_WARN_ABOUT_RETURN_TYPE = YES_ERROR;
				GCC_WARN_UNDECLARED_SELECTOR = YES;
				GCC_WARN_UNINITIALIZED_AUTOS = YES_AGGRESSIVE;
				GCC_WARN_UNUSED_FUNCTION = YES;
				GCC_WARN_UNUSED_VARIABLE = YES;
				IPHONEOS_DEPLOYMENT_TARGET = 13.2;
				MTL_ENABLE_DEBUG_INFO = INCLUDE_SOURCE;
				MTL_FAST_MATH = YES;
				ONLY_ACTIVE_ARCH = YES;
				SDKROOT = iphoneos;
				SWIFT_ACTIVE_COMPILATION_CONDITIONS = DEBUG;
				SWIFT_OPTIMIZATION_LEVEL = "-Onone";
			};
			name = Debug;
		};
		9A6DBDBF238CA3E0006D7805 /* Release */ = {
			isa = XCBuildConfiguration;
			buildSettings = {
				ALWAYS_SEARCH_USER_PATHS = NO;
				CLANG_ANALYZER_NONNULL = YES;
				CLANG_ANALYZER_NUMBER_OBJECT_CONVERSION = YES_AGGRESSIVE;
				CLANG_CXX_LANGUAGE_STANDARD = "gnu++14";
				CLANG_CXX_LIBRARY = "libc++";
				CLANG_ENABLE_MODULES = YES;
				CLANG_ENABLE_OBJC_ARC = YES;
				CLANG_ENABLE_OBJC_WEAK = YES;
				CLANG_WARN_BLOCK_CAPTURE_AUTORELEASING = YES;
				CLANG_WARN_BOOL_CONVERSION = YES;
				CLANG_WARN_COMMA = YES;
				CLANG_WARN_CONSTANT_CONVERSION = YES;
				CLANG_WARN_DEPRECATED_OBJC_IMPLEMENTATIONS = YES;
				CLANG_WARN_DIRECT_OBJC_ISA_USAGE = YES_ERROR;
				CLANG_WARN_DOCUMENTATION_COMMENTS = YES;
				CLANG_WARN_EMPTY_BODY = YES;
				CLANG_WARN_ENUM_CONVERSION = YES;
				CLANG_WARN_INFINITE_RECURSION = YES;
				CLANG_WARN_INT_CONVERSION = YES;
				CLANG_WARN_NON_LITERAL_NULL_CONVERSION = YES;
				CLANG_WARN_OBJC_IMPLICIT_RETAIN_SELF = YES;
				CLANG_WARN_OBJC_LITERAL_CONVERSION = YES;
				CLANG_WARN_OBJC_ROOT_CLASS = YES_ERROR;
				CLANG_WARN_RANGE_LOOP_ANALYSIS = YES;
				CLANG_WARN_STRICT_PROTOTYPES = YES;
				CLANG_WARN_SUSPICIOUS_MOVE = YES;
				CLANG_WARN_UNGUARDED_AVAILABILITY = YES_AGGRESSIVE;
				CLANG_WARN_UNREACHABLE_CODE = YES;
				CLANG_WARN__DUPLICATE_METHOD_MATCH = YES;
				COPY_PHASE_STRIP = NO;
				DEBUG_INFORMATION_FORMAT = "dwarf-with-dsym";
				ENABLE_NS_ASSERTIONS = NO;
				ENABLE_STRICT_OBJC_MSGSEND = YES;
				GCC_C_LANGUAGE_STANDARD = gnu11;
				GCC_NO_COMMON_BLOCKS = YES;
				GCC_WARN_64_TO_32_BIT_CONVERSION = YES;
				GCC_WARN_ABOUT_RETURN_TYPE = YES_ERROR;
				GCC_WARN_UNDECLARED_SELECTOR = YES;
				GCC_WARN_UNINITIALIZED_AUTOS = YES_AGGRESSIVE;
				GCC_WARN_UNUSED_FUNCTION = YES;
				GCC_WARN_UNUSED_VARIABLE = YES;
				IPHONEOS_DEPLOYMENT_TARGET = 13.2;
				MTL_ENABLE_DEBUG_INFO = NO;
				MTL_FAST_MATH = YES;
				SDKROOT = iphoneos;
				SWIFT_COMPILATION_MODE = wholemodule;
				SWIFT_OPTIMIZATION_LEVEL = "-O";
				VALIDATE_PRODUCT = YES;
			};
			name = Release;
		};
		9A6DBDC1238CA3E0006D7805 /* Debug */ = {
			isa = XCBuildConfiguration;
			baseConfigurationReference = 415AEF4E13F93EE45C0F2B5A /* Pods-Chuck-Norris-facts.debug.xcconfig */;
			buildSettings = {
				ALWAYS_EMBED_SWIFT_STANDARD_LIBRARIES = YES;
				ASSETCATALOG_COMPILER_APPICON_NAME = AppIcon;
				CODE_SIGN_STYLE = Automatic;
				DEVELOPMENT_TEAM = 6XYJN7S9JQ;
				INFOPLIST_FILE = "Chuck-Norris-facts/Info.plist";
				LD_RUNPATH_SEARCH_PATHS = (
					"$(inherited)",
					"@executable_path/Frameworks",
				);
				PRODUCT_BUNDLE_IDENTIFIER = "com.joaoBatista.Chuck-Norris-facts";
				PRODUCT_NAME = "$(TARGET_NAME)";
				SWIFT_VERSION = 5.0;
				TARGETED_DEVICE_FAMILY = "1,2";
			};
			name = Debug;
		};
		9A6DBDC2238CA3E0006D7805 /* Release */ = {
			isa = XCBuildConfiguration;
			baseConfigurationReference = 4F27E48C2F5D518AA4F72CA9 /* Pods-Chuck-Norris-facts.release.xcconfig */;
			buildSettings = {
				ALWAYS_EMBED_SWIFT_STANDARD_LIBRARIES = YES;
				ASSETCATALOG_COMPILER_APPICON_NAME = AppIcon;
				CODE_SIGN_STYLE = Automatic;
				DEVELOPMENT_TEAM = 6XYJN7S9JQ;
				INFOPLIST_FILE = "Chuck-Norris-facts/Info.plist";
				LD_RUNPATH_SEARCH_PATHS = (
					"$(inherited)",
					"@executable_path/Frameworks",
				);
				PRODUCT_BUNDLE_IDENTIFIER = "com.joaoBatista.Chuck-Norris-facts";
				PRODUCT_NAME = "$(TARGET_NAME)";
				SWIFT_VERSION = 5.0;
				TARGETED_DEVICE_FAMILY = "1,2";
			};
			name = Release;
		};
		9A6DBDC4238CA3E0006D7805 /* Debug */ = {
			isa = XCBuildConfiguration;
			baseConfigurationReference = 10DC6E0DA3F87781EB5109C6 /* Pods-Chuck-Norris-facts-Chuck-Norris-factsTests.debug.xcconfig */;
			buildSettings = {
				ALWAYS_EMBED_SWIFT_STANDARD_LIBRARIES = YES;
				BUNDLE_LOADER = "$(TEST_HOST)";
				CODE_SIGN_STYLE = Automatic;
				DEVELOPMENT_TEAM = 6XYJN7S9JQ;
				INFOPLIST_FILE = "Chuck-Norris-factsTests/Info.plist";
				IPHONEOS_DEPLOYMENT_TARGET = 13.2;
				LD_RUNPATH_SEARCH_PATHS = (
					"$(inherited)",
					"@executable_path/Frameworks",
					"@loader_path/Frameworks",
				);
				PRODUCT_BUNDLE_IDENTIFIER = "com.joaoBatista.Chuck-Norris-factsTests";
				PRODUCT_NAME = "$(TARGET_NAME)";
				SWIFT_VERSION = 5.0;
				TARGETED_DEVICE_FAMILY = "1,2";
				TEST_HOST = "$(BUILT_PRODUCTS_DIR)/Chuck-Norris-facts.app/Chuck-Norris-facts";
			};
			name = Debug;
		};
		9A6DBDC5238CA3E0006D7805 /* Release */ = {
			isa = XCBuildConfiguration;
			baseConfigurationReference = 6F08FF614184FB0CBA20F323 /* Pods-Chuck-Norris-facts-Chuck-Norris-factsTests.release.xcconfig */;
			buildSettings = {
				ALWAYS_EMBED_SWIFT_STANDARD_LIBRARIES = YES;
				BUNDLE_LOADER = "$(TEST_HOST)";
				CODE_SIGN_STYLE = Automatic;
				DEVELOPMENT_TEAM = 6XYJN7S9JQ;
				INFOPLIST_FILE = "Chuck-Norris-factsTests/Info.plist";
				IPHONEOS_DEPLOYMENT_TARGET = 13.2;
				LD_RUNPATH_SEARCH_PATHS = (
					"$(inherited)",
					"@executable_path/Frameworks",
					"@loader_path/Frameworks",
				);
				PRODUCT_BUNDLE_IDENTIFIER = "com.joaoBatista.Chuck-Norris-factsTests";
				PRODUCT_NAME = "$(TARGET_NAME)";
				SWIFT_VERSION = 5.0;
				TARGETED_DEVICE_FAMILY = "1,2";
				TEST_HOST = "$(BUILT_PRODUCTS_DIR)/Chuck-Norris-facts.app/Chuck-Norris-facts";
			};
			name = Release;
		};
		9A6DBDC7238CA3E0006D7805 /* Debug */ = {
			isa = XCBuildConfiguration;
			baseConfigurationReference = 209BD6CA5F96DAAE51173C40 /* Pods-Chuck-Norris-factsUITests.debug.xcconfig */;
			buildSettings = {
				ALWAYS_EMBED_SWIFT_STANDARD_LIBRARIES = YES;
				CODE_SIGN_STYLE = Automatic;
				DEVELOPMENT_TEAM = 6XYJN7S9JQ;
				INFOPLIST_FILE = "Chuck-Norris-factsUITests/Info.plist";
				LD_RUNPATH_SEARCH_PATHS = (
					"$(inherited)",
					"@executable_path/Frameworks",
					"@loader_path/Frameworks",
				);
				PRODUCT_BUNDLE_IDENTIFIER = "com.joaoBatista.Chuck-Norris-factsUITests";
				PRODUCT_NAME = "$(TARGET_NAME)";
				SWIFT_VERSION = 5.0;
				TARGETED_DEVICE_FAMILY = "1,2";
				TEST_TARGET_NAME = "Chuck-Norris-facts";
			};
			name = Debug;
		};
		9A6DBDC8238CA3E0006D7805 /* Release */ = {
			isa = XCBuildConfiguration;
			baseConfigurationReference = DD1F09BF359EED7740B79F5A /* Pods-Chuck-Norris-factsUITests.release.xcconfig */;
			buildSettings = {
				ALWAYS_EMBED_SWIFT_STANDARD_LIBRARIES = YES;
				CODE_SIGN_STYLE = Automatic;
				DEVELOPMENT_TEAM = 6XYJN7S9JQ;
				INFOPLIST_FILE = "Chuck-Norris-factsUITests/Info.plist";
				LD_RUNPATH_SEARCH_PATHS = (
					"$(inherited)",
					"@executable_path/Frameworks",
					"@loader_path/Frameworks",
				);
				PRODUCT_BUNDLE_IDENTIFIER = "com.joaoBatista.Chuck-Norris-factsUITests";
				PRODUCT_NAME = "$(TARGET_NAME)";
				SWIFT_VERSION = 5.0;
				TARGETED_DEVICE_FAMILY = "1,2";
				TEST_TARGET_NAME = "Chuck-Norris-facts";
			};
			name = Release;
		};
/* End XCBuildConfiguration section */

/* Begin XCConfigurationList section */
		9A6DBD91238CA3DE006D7805 /* Build configuration list for PBXProject "Chuck-Norris-facts" */ = {
			isa = XCConfigurationList;
			buildConfigurations = (
				9A6DBDBE238CA3E0006D7805 /* Debug */,
				9A6DBDBF238CA3E0006D7805 /* Release */,
			);
			defaultConfigurationIsVisible = 0;
			defaultConfigurationName = Release;
		};
		9A6DBDC0238CA3E0006D7805 /* Build configuration list for PBXNativeTarget "Chuck-Norris-facts" */ = {
			isa = XCConfigurationList;
			buildConfigurations = (
				9A6DBDC1238CA3E0006D7805 /* Debug */,
				9A6DBDC2238CA3E0006D7805 /* Release */,
			);
			defaultConfigurationIsVisible = 0;
			defaultConfigurationName = Release;
		};
		9A6DBDC3238CA3E0006D7805 /* Build configuration list for PBXNativeTarget "Chuck-Norris-factsTests" */ = {
			isa = XCConfigurationList;
			buildConfigurations = (
				9A6DBDC4238CA3E0006D7805 /* Debug */,
				9A6DBDC5238CA3E0006D7805 /* Release */,
			);
			defaultConfigurationIsVisible = 0;
			defaultConfigurationName = Release;
		};
		9A6DBDC6238CA3E0006D7805 /* Build configuration list for PBXNativeTarget "Chuck-Norris-factsUITests" */ = {
			isa = XCConfigurationList;
			buildConfigurations = (
				9A6DBDC7238CA3E0006D7805 /* Debug */,
				9A6DBDC8238CA3E0006D7805 /* Release */,
			);
			defaultConfigurationIsVisible = 0;
			defaultConfigurationName = Release;
		};
/* End XCConfigurationList section */
	};
	rootObject = 9A6DBD8E238CA3DE006D7805 /* Project object */;
}
